// !$*UTF8*$!
{
	archiveVersion = 1;
	classes = {
	};
	objectVersion = 48;
	objects = {

/* Begin PBXBuildFile section */
		18B2CD13205B746000197AEE /* AppDelegate.m in Sources */ = {isa = PBXBuildFile; fileRef = 18B2CD12205B746000197AEE /* AppDelegate.m */; };
		18B2CD16205B746000197AEE /* ViewController.m in Sources */ = {isa = PBXBuildFile; fileRef = 18B2CD15205B746000197AEE /* ViewController.m */; };
		18B2CD19205B746000197AEE /* Main.storyboard in Resources */ = {isa = PBXBuildFile; fileRef = 18B2CD17205B746000197AEE /* Main.storyboard */; };
		18B2CD1B205B746000197AEE /* Assets.xcassets in Resources */ = {isa = PBXBuildFile; fileRef = 18B2CD1A205B746000197AEE /* Assets.xcassets */; };
		18B2CD1E205B746000197AEE /* LaunchScreen.storyboard in Resources */ = {isa = PBXBuildFile; fileRef = 18B2CD1C205B746000197AEE /* LaunchScreen.storyboard */; };
		18B2CD21205B746000197AEE /* main.m in Sources */ = {isa = PBXBuildFile; fileRef = 18B2CD20205B746000197AEE /* main.m */; };
		18B2CD2B205B746000197AEE /* RCFeedbackDemoTests.m in Sources */ = {isa = PBXBuildFile; fileRef = 18B2CD2A205B746000197AEE /* RCFeedbackDemoTests.m */; };
		18B2CD36205B746000197AEE /* RCFeedbackDemoUITests.m in Sources */ = {isa = PBXBuildFile; fileRef = 18B2CD35205B746000197AEE /* RCFeedbackDemoUITests.m */; };
		18B2CD46205BA75C00197AEE /* RCFeedbackGenerator.m in Sources */ = {isa = PBXBuildFile; fileRef = 18B2CD45205BA75C00197AEE /* RCFeedbackGenerator.m */; };
/* End PBXBuildFile section */

/* Begin PBXContainerItemProxy section */
		18B2CD27205B746000197AEE /* PBXContainerItemProxy */ = {
			isa = PBXContainerItemProxy;
			containerPortal = 18B2CD06205B746000197AEE /* Project object */;
			proxyType = 1;
			remoteGlobalIDString = 18B2CD0D205B746000197AEE;
			remoteInfo = RCFeedbackDemo;
		};
		18B2CD32205B746000197AEE /* PBXContainerItemProxy */ = {
			isa = PBXContainerItemProxy;
			containerPortal = 18B2CD06205B746000197AEE /* Project object */;
			proxyType = 1;
			remoteGlobalIDString = 18B2CD0D205B746000197AEE;
			remoteInfo = RCFeedbackDemo;
		};
/* End PBXContainerItemProxy section */

/* Begin PBXFileReference section */
		18B2CD0E205B746000197AEE /* RCFeedbackDemo.app */ = {isa = PBXFileReference; explicitFileType = wrapper.application; includeInIndex = 0; path = RCFeedbackDemo.app; sourceTree = BUILT_PRODUCTS_DIR; };
		18B2CD11205B746000197AEE /* AppDelegate.h */ = {isa = PBXFileReference; lastKnownFileType = sourcecode.c.h; path = AppDelegate.h; sourceTree = "<group>"; };
		18B2CD12205B746000197AEE /* AppDelegate.m */ = {isa = PBXFileReference; lastKnownFileType = sourcecode.c.objc; path = AppDelegate.m; sourceTree = "<group>"; };
		18B2CD14205B746000197AEE /* ViewController.h */ = {isa = PBXFileReference; lastKnownFileType = sourcecode.c.h; path = ViewController.h; sourceTree = "<group>"; };
		18B2CD15205B746000197AEE /* ViewController.m */ = {isa = PBXFileReference; lastKnownFileType = sourcecode.c.objc; path = ViewController.m; sourceTree = "<group>"; };
		18B2CD18205B746000197AEE /* Base */ = {isa = PBXFileReference; lastKnownFileType = file.storyboard; name = Base; path = Base.lproj/Main.storyboard; sourceTree = "<group>"; };
		18B2CD1A205B746000197AEE /* Assets.xcassets */ = {isa = PBXFileReference; lastKnownFileType = folder.assetcatalog; path = Assets.xcassets; sourceTree = "<group>"; };
		18B2CD1D205B746000197AEE /* Base */ = {isa = PBXFileReference; lastKnownFileType = file.storyboard; name = Base; path = Base.lproj/LaunchScreen.storyboard; sourceTree = "<group>"; };
		18B2CD1F205B746000197AEE /* Info.plist */ = {isa = PBXFileReference; lastKnownFileType = text.plist.xml; path = Info.plist; sourceTree = "<group>"; };
		18B2CD20205B746000197AEE /* main.m */ = {isa = PBXFileReference; lastKnownFileType = sourcecode.c.objc; path = main.m; sourceTree = "<group>"; };
		18B2CD26205B746000197AEE /* RCFeedbackDemoTests.xctest */ = {isa = PBXFileReference; explicitFileType = wrapper.cfbundle; includeInIndex = 0; path = RCFeedbackDemoTests.xctest; sourceTree = BUILT_PRODUCTS_DIR; };
		18B2CD2A205B746000197AEE /* RCFeedbackDemoTests.m */ = {isa = PBXFileReference; lastKnownFileType = sourcecode.c.objc; path = RCFeedbackDemoTests.m; sourceTree = "<group>"; };
		18B2CD2C205B746000197AEE /* Info.plist */ = {isa = PBXFileReference; lastKnownFileType = text.plist.xml; path = Info.plist; sourceTree = "<group>"; };
		18B2CD31205B746000197AEE /* RCFeedbackDemoUITests.xctest */ = {isa = PBXFileReference; explicitFileType = wrapper.cfbundle; includeInIndex = 0; path = RCFeedbackDemoUITests.xctest; sourceTree = BUILT_PRODUCTS_DIR; };
		18B2CD35205B746000197AEE /* RCFeedbackDemoUITests.m */ = {isa = PBXFileReference; lastKnownFileType = sourcecode.c.objc; path = RCFeedbackDemoUITests.m; sourceTree = "<group>"; };
		18B2CD37205B746000197AEE /* Info.plist */ = {isa = PBXFileReference; lastKnownFileType = text.plist.xml; path = Info.plist; sourceTree = "<group>"; };
		18B2CD44205BA75C00197AEE /* RCFeedbackGenerator.h */ = {isa = PBXFileReference; lastKnownFileType = sourcecode.c.h; path = RCFeedbackGenerator.h; sourceTree = "<group>"; };
		18B2CD45205BA75C00197AEE /* RCFeedbackGenerator.m */ = {isa = PBXFileReference; lastKnownFileType = sourcecode.c.objc; path = RCFeedbackGenerator.m; sourceTree = "<group>"; };
/* End PBXFileReference section */

/* Begin PBXFrameworksBuildPhase section */
		18B2CD0B205B746000197AEE /* Frameworks */ = {
			isa = PBXFrameworksBuildPhase;
			buildActionMask = 2147483647;
			files = (
			);
			runOnlyForDeploymentPostprocessing = 0;
		};
		18B2CD23205B746000197AEE /* Frameworks */ = {
			isa = PBXFrameworksBuildPhase;
			buildActionMask = 2147483647;
			files = (
			);
			runOnlyForDeploymentPostprocessing = 0;
		};
		18B2CD2E205B746000197AEE /* Frameworks */ = {
			isa = PBXFrameworksBuildPhase;
			buildActionMask = 2147483647;
			files = (
			);
			runOnlyForDeploymentPostprocessing = 0;
		};
/* End PBXFrameworksBuildPhase section */

/* Begin PBXGroup section */
		18B2CD05205B746000197AEE = {
			isa = PBXGroup;
			children = (
				18B2CD10205B746000197AEE /* RCFeedbackDemo */,
				18B2CD29205B746000197AEE /* RCFeedbackDemoTests */,
				18B2CD34205B746000197AEE /* RCFeedbackDemoUITests */,
				18B2CD0F205B746000197AEE /* Products */,
			);
			sourceTree = "<group>";
		};
		18B2CD0F205B746000197AEE /* Products */ = {
			isa = PBXGroup;
			children = (
				18B2CD0E205B746000197AEE /* RCFeedbackDemo.app */,
				18B2CD26205B746000197AEE /* RCFeedbackDemoTests.xctest */,
				18B2CD31205B746000197AEE /* RCFeedbackDemoUITests.xctest */,
			);
			name = Products;
			sourceTree = "<group>";
		};
		18B2CD10205B746000197AEE /* RCFeedbackDemo */ = {
			isa = PBXGroup;
			children = (
				18B2CD11205B746000197AEE /* AppDelegate.h */,
				18B2CD12205B746000197AEE /* AppDelegate.m */,
				18B2CD14205B746000197AEE /* ViewController.h */,
				18B2CD15205B746000197AEE /* ViewController.m */,
				18B2CD47205BA77000197AEE /* RCFeedbackGenerator */,
				18B2CD17205B746000197AEE /* Main.storyboard */,
				18B2CD1A205B746000197AEE /* Assets.xcassets */,
				18B2CD1C205B746000197AEE /* LaunchScreen.storyboard */,
				18B2CD1F205B746000197AEE /* Info.plist */,
				18B2CD20205B746000197AEE /* main.m */,
			);
			path = RCFeedbackDemo;
			sourceTree = "<group>";
		};
		18B2CD29205B746000197AEE /* RCFeedbackDemoTests */ = {
			isa = PBXGroup;
			children = (
				18B2CD2A205B746000197AEE /* RCFeedbackDemoTests.m */,
				18B2CD2C205B746000197AEE /* Info.plist */,
			);
			path = RCFeedbackDemoTests;
			sourceTree = "<group>";
		};
		18B2CD34205B746000197AEE /* RCFeedbackDemoUITests */ = {
			isa = PBXGroup;
			children = (
				18B2CD35205B746000197AEE /* RCFeedbackDemoUITests.m */,
				18B2CD37205B746000197AEE /* Info.plist */,
			);
			path = RCFeedbackDemoUITests;
			sourceTree = "<group>";
		};
		18B2CD47205BA77000197AEE /* RCFeedbackGenerator */ = {
			isa = PBXGroup;
			children = (
				18B2CD44205BA75C00197AEE /* RCFeedbackGenerator.h */,
				18B2CD45205BA75C00197AEE /* RCFeedbackGenerator.m */,
			);
			path = RCFeedbackGenerator;
			sourceTree = "<group>";
		};
/* End PBXGroup section */

/* Begin PBXNativeTarget section */
		18B2CD0D205B746000197AEE /* RCFeedbackDemo */ = {
			isa = PBXNativeTarget;
			buildConfigurationList = 18B2CD3A205B746000197AEE /* Build configuration list for PBXNativeTarget "RCFeedbackDemo" */;
			buildPhases = (
				18B2CD0A205B746000197AEE /* Sources */,
				18B2CD0B205B746000197AEE /* Frameworks */,
				18B2CD0C205B746000197AEE /* Resources */,
			);
			buildRules = (
			);
			dependencies = (
			);
			name = RCFeedbackDemo;
			productName = RCFeedbackDemo;
			productReference = 18B2CD0E205B746000197AEE /* RCFeedbackDemo.app */;
			productType = "com.apple.product-type.application";
		};
		18B2CD25205B746000197AEE /* RCFeedbackDemoTests */ = {
			isa = PBXNativeTarget;
			buildConfigurationList = 18B2CD3D205B746000197AEE /* Build configuration list for PBXNativeTarget "RCFeedbackDemoTests" */;
			buildPhases = (
				18B2CD22205B746000197AEE /* Sources */,
				18B2CD23205B746000197AEE /* Frameworks */,
				18B2CD24205B746000197AEE /* Resources */,
			);
			buildRules = (
			);
			dependencies = (
				18B2CD28205B746000197AEE /* PBXTargetDependency */,
			);
			name = RCFeedbackDemoTests;
			productName = RCFeedbackDemoTests;
			productReference = 18B2CD26205B746000197AEE /* RCFeedbackDemoTests.xctest */;
			productType = "com.apple.product-type.bundle.unit-test";
		};
		18B2CD30205B746000197AEE /* RCFeedbackDemoUITests */ = {
			isa = PBXNativeTarget;
			buildConfigurationList = 18B2CD40205B746000197AEE /* Build configuration list for PBXNativeTarget "RCFeedbackDemoUITests" */;
			buildPhases = (
				18B2CD2D205B746000197AEE /* Sources */,
				18B2CD2E205B746000197AEE /* Frameworks */,
				18B2CD2F205B746000197AEE /* Resources */,
			);
			buildRules = (
			);
			dependencies = (
				18B2CD33205B746000197AEE /* PBXTargetDependency */,
			);
			name = RCFeedbackDemoUITests;
			productName = RCFeedbackDemoUITests;
			productReference = 18B2CD31205B746000197AEE /* RCFeedbackDemoUITests.xctest */;
			productType = "com.apple.product-type.bundle.ui-testing";
		};
/* End PBXNativeTarget section */

/* Begin PBXProject section */
		18B2CD06205B746000197AEE /* Project object */ = {
			isa = PBXProject;
			attributes = {
				LastUpgradeCheck = 0920;
				ORGANIZATIONNAME = apple;
				TargetAttributes = {
					18B2CD0D205B746000197AEE = {
						CreatedOnToolsVersion = 9.2;
						ProvisioningStyle = Automatic;
					};
					18B2CD25205B746000197AEE = {
						CreatedOnToolsVersion = 9.2;
						ProvisioningStyle = Automatic;
						TestTargetID = 18B2CD0D205B746000197AEE;
					};
					18B2CD30205B746000197AEE = {
						CreatedOnToolsVersion = 9.2;
						ProvisioningStyle = Automatic;
						TestTargetID = 18B2CD0D205B746000197AEE;
					};
				};
			};
			buildConfigurationList = 18B2CD09205B746000197AEE /* Build configuration list for PBXProject "RCFeedbackDemo" */;
			compatibilityVersion = "Xcode 8.0";
			developmentRegion = en;
			hasScannedForEncodings = 0;
			knownRegions = (
				en,
				Base,
			);
			mainGroup = 18B2CD05205B746000197AEE;
			productRefGroup = 18B2CD0F205B746000197AEE /* Products */;
			projectDirPath = "";
			projectRoot = "";
			targets = (
				18B2CD0D205B746000197AEE /* RCFeedbackDemo */,
				18B2CD25205B746000197AEE /* RCFeedbackDemoTests */,
				18B2CD30205B746000197AEE /* RCFeedbackDemoUITests */,
			);
		};
/* End PBXProject section */

/* Begin PBXResourcesBuildPhase section */
		18B2CD0C205B746000197AEE /* Resources */ = {
			isa = PBXResourcesBuildPhase;
			buildActionMask = 2147483647;
			files = (
				18B2CD1E205B746000197AEE /* LaunchScreen.storyboard in Resources */,
				18B2CD1B205B746000197AEE /* Assets.xcassets in Resources */,
				18B2CD19205B746000197AEE /* Main.storyboard in Resources */,
			);
			runOnlyForDeploymentPostprocessing = 0;
		};
		18B2CD24205B746000197AEE /* Resources */ = {
			isa = PBXResourcesBuildPhase;
			buildActionMask = 2147483647;
			files = (
			);
			runOnlyForDeploymentPostprocessing = 0;
		};
		18B2CD2F205B746000197AEE /* Resources */ = {
			isa = PBXResourcesBuildPhase;
			buildActionMask = 2147483647;
			files = (
			);
			runOnlyForDeploymentPostprocessing = 0;
		};
/* End PBXResourcesBuildPhase section */

/* Begin PBXSourcesBuildPhase section */
		18B2CD0A205B746000197AEE /* Sources */ = {
			isa = PBXSourcesBuildPhase;
			buildActionMask = 2147483647;
			files = (
				18B2CD16205B746000197AEE /* ViewController.m in Sources */,
				18B2CD46205BA75C00197AEE /* RCFeedbackGenerator.m in Sources */,
				18B2CD21205B746000197AEE /* main.m in Sources */,
				18B2CD13205B746000197AEE /* AppDelegate.m in Sources */,
			);
			runOnlyForDeploymentPostprocessing = 0;
		};
		18B2CD22205B746000197AEE /* Sources */ = {
			isa = PBXSourcesBuildPhase;
			buildActionMask = 2147483647;
			files = (
				18B2CD2B205B746000197AEE /* RCFeedbackDemoTests.m in Sources */,
			);
			runOnlyForDeploymentPostprocessing = 0;
		};
		18B2CD2D205B746000197AEE /* Sources */ = {
			isa = PBXSourcesBuildPhase;
			buildActionMask = 2147483647;
			files = (
				18B2CD36205B746000197AEE /* RCFeedbackDemoUITests.m in Sources */,
			);
			runOnlyForDeploymentPostprocessing = 0;
		};
/* End PBXSourcesBuildPhase section */

/* Begin PBXTargetDependency section */
		18B2CD28205B746000197AEE /* PBXTargetDependency */ = {
			isa = PBXTargetDependency;
			target = 18B2CD0D205B746000197AEE /* RCFeedbackDemo */;
			targetProxy = 18B2CD27205B746000197AEE /* PBXContainerItemProxy */;
		};
		18B2CD33205B746000197AEE /* PBXTargetDependency */ = {
			isa = PBXTargetDependency;
			target = 18B2CD0D205B746000197AEE /* RCFeedbackDemo */;
			targetProxy = 18B2CD32205B746000197AEE /* PBXContainerItemProxy */;
		};
/* End PBXTargetDependency section */

/* Begin PBXVariantGroup section */
		18B2CD17205B746000197AEE /* Main.storyboard */ = {
			isa = PBXVariantGroup;
			children = (
				18B2CD18205B746000197AEE /* Base */,
			);
			name = Main.storyboard;
			sourceTree = "<group>";
		};
		18B2CD1C205B746000197AEE /* LaunchScreen.storyboard */ = {
			isa = PBXVariantGroup;
			children = (
				18B2CD1D205B746000197AEE /* Base */,
			);
			name = LaunchScreen.storyboard;
			sourceTree = "<group>";
		};
/* End PBXVariantGroup section */

/* Begin XCBuildConfiguration section */
		18B2CD38205B746000197AEE /* Debug */ = {
			isa = XCBuildConfiguration;
			buildSettings = {
				ALWAYS_SEARCH_USER_PATHS = NO;
				CLANG_ANALYZER_NONNULL = YES;
				CLANG_ANALYZER_NUMBER_OBJECT_CONVERSION = YES_AGGRESSIVE;
				CLANG_CXX_LANGUAGE_STANDARD = "gnu++14";
				CLANG_CXX_LIBRARY = "libc++";
				CLANG_ENABLE_MODULES = YES;
				CLANG_ENABLE_OBJC_ARC = YES;
				CLANG_WARN_BLOCK_CAPTURE_AUTORELEASING = YES;
				CLANG_WARN_BOOL_CONVERSION = YES;
				CLANG_WARN_COMMA = YES;
				CLANG_WARN_CONSTANT_CONVERSION = YES;
				CLANG_WARN_DIRECT_OBJC_ISA_USAGE = YES_ERROR;
				CLANG_WARN_DOCUMENTATION_COMMENTS = YES;
				CLANG_WARN_EMPTY_BODY = YES;
				CLANG_WARN_ENUM_CONVERSION = YES;
				CLANG_WARN_INFINITE_RECURSION = YES;
				CLANG_WARN_INT_CONVERSION = YES;
				CLANG_WARN_NON_LITERAL_NULL_CONVERSION = YES;
				CLANG_WARN_OBJC_LITERAL_CONVERSION = YES;
				CLANG_WARN_OBJC_ROOT_CLASS = YES_ERROR;
				CLANG_WARN_RANGE_LOOP_ANALYSIS = YES;
				CLANG_WARN_STRICT_PROTOTYPES = YES;
				CLANG_WARN_SUSPICIOUS_MOVE = YES;
				CLANG_WARN_UNGUARDED_AVAILABILITY = YES_AGGRESSIVE;
				CLANG_WARN_UNREACHABLE_CODE = YES;
				CLANG_WARN__DUPLICATE_METHOD_MATCH = YES;
				CODE_SIGN_IDENTITY = "iPhone Developer";
				COPY_PHASE_STRIP = NO;
				DEBUG_INFORMATION_FORMAT = dwarf;
				ENABLE_STRICT_OBJC_MSGSEND = YES;
				ENABLE_TESTABILITY = YES;
				GCC_C_LANGUAGE_STANDARD = gnu11;
				GCC_DYNAMIC_NO_PIC = NO;
				GCC_NO_COMMON_BLOCKS = YES;
				GCC_OPTIMIZATION_LEVEL = 0;
				GCC_PREPROCESSOR_DEFINITIONS = (
					"DEBUG=1",
					"$(inherited)",
				);
				GCC_WARN_64_TO_32_BIT_CONVERSION = YES;
				GCC_WARN_ABOUT_RETURN_TYPE = YES_ERROR;
				GCC_WARN_UNDECLARED_SELECTOR = YES;
				GCC_WARN_UNINITIALIZED_AUTOS = YES_AGGRESSIVE;
				GCC_WARN_UNUSED_FUNCTION = YES;
				GCC_WARN_UNUSED_VARIABLE = YES;
				IPHONEOS_DEPLOYMENT_TARGET = 10.0;
				MTL_ENABLE_DEBUG_INFO = YES;
				ONLY_ACTIVE_ARCH = YES;
				SDKROOT = iphoneos;
			};
			name = Debug;
		};
		18B2CD39205B746000197AEE /* Release */ = {
			isa = XCBuildConfiguration;
			buildSettings = {
				ALWAYS_SEARCH_USER_PATHS = NO;
				CLANG_ANALYZER_NONNULL = YES;
				CLANG_ANALYZER_NUMBER_OBJECT_CONVERSION = YES_AGGRESSIVE;
				CLANG_CXX_LANGUAGE_STANDARD = "gnu++14";
				CLANG_CXX_LIBRARY = "libc++";
				CLANG_ENABLE_MODULES = YES;
				CLANG_ENABLE_OBJC_ARC = YES;
				CLANG_WARN_BLOCK_CAPTURE_AUTORELEASING = YES;
				CLANG_WARN_BOOL_CONVERSION = YES;
				CLANG_WARN_COMMA = YES;
				CLANG_WARN_CONSTANT_CONVERSION = YES;
				CLANG_WARN_DIRECT_OBJC_ISA_USAGE = YES_ERROR;
				CLANG_WARN_DOCUMENTATION_COMMENTS = YES;
				CLANG_WARN_EMPTY_BODY = YES;
				CLANG_WARN_ENUM_CONVERSION = YES;
				CLANG_WARN_INFINITE_RECURSION = YES;
				CLANG_WARN_INT_CONVERSION = YES;
				CLANG_WARN_NON_LITERAL_NULL_CONVERSION = YES;
				CLANG_WARN_OBJC_LITERAL_CONVERSION = YES;
				CLANG_WARN_OBJC_ROOT_CLASS = YES_ERROR;
				CLANG_WARN_RANGE_LOOP_ANALYSIS = YES;
				CLANG_WARN_STRICT_PROTOTYPES = YES;
				CLANG_WARN_SUSPICIOUS_MOVE = YES;
				CLANG_WARN_UNGUARDED_AVAILABILITY = YES_AGGRESSIVE;
				CLANG_WARN_UNREACHABLE_CODE = YES;
				CLANG_WARN__DUPLICATE_METHOD_MATCH = YES;
				CODE_SIGN_IDENTITY = "iPhone Developer";
				COPY_PHASE_STRIP = NO;
				DEBUG_INFORMATION_FORMAT = "dwarf-with-dsym";
				ENABLE_NS_ASSERTIONS = NO;
				ENABLE_STRICT_OBJC_MSGSEND = YES;
				GCC_C_LANGUAGE_STANDARD = gnu11;
				GCC_NO_COMMON_BLOCKS = YES;
				GCC_WARN_64_TO_32_BIT_CONVERSION = YES;
				GCC_WARN_ABOUT_RETURN_TYPE = YES_ERROR;
				GCC_WARN_UNDECLARED_SELECTOR = YES;
				GCC_WARN_UNINITIALIZED_AUTOS = YES_AGGRESSIVE;
				GCC_WARN_UNUSED_FUNCTION = YES;
				GCC_WARN_UNUSED_VARIABLE = YES;
				IPHONEOS_DEPLOYMENT_TARGET = 10.0;
				MTL_ENABLE_DEBUG_INFO = NO;
				SDKROOT = iphoneos;
				VALIDATE_PRODUCT = YES;
			};
			name = Release;
		};
		18B2CD3B205B746000197AEE /* Debug */ = {
			isa = XCBuildConfiguration;
			buildSettings = {
				ASSETCATALOG_COMPILER_APPICON_NAME = AppIcon;
				CODE_SIGN_STYLE = Automatic;
				DEVELOPMENT_TEAM = VSQH5M5756;
				INFOPLIST_FILE = RCFeedbackDemo/Info.plist;
				IPHONEOS_DEPLOYMENT_TARGET = 11.2;
				LD_RUNPATH_SEARCH_PATHS = "$(inherited) @executable_path/Frameworks";
				PRODUCT_BUNDLE_IDENTIFIER = renchao.RCFeedbackDemo;
				PRODUCT_NAME = "$(TARGET_NAME)";
				TARGETED_DEVICE_FAMILY = "1,2";
			};
			name = Debug;
		};
		18B2CD3C205B746000197AEE /* Release */ = {
			isa = XCBuildConfiguration;
			buildSettings = {
				ASSETCATALOG_COMPILER_APPICON_NAME = AppIcon;
				CODE_SIGN_STYLE = Automatic;
				DEVELOPMENT_TEAM = VSQH5M5756;
				INFOPLIST_FILE = RCFeedbackDemo/Info.plist;
				IPHONEOS_DEPLOYMENT_TARGET = 11.2;
				LD_RUNPATH_SEARCH_PATHS = "$(inherited) @executable_path/Frameworks";
				PRODUCT_BUNDLE_IDENTIFIER = renchao.RCFeedbackDemo;
				PRODUCT_NAME = "$(TARGET_NAME)";
				TARGETED_DEVICE_FAMILY = "1,2";
			};
			name = Release;
		};
		18B2CD3E205B746000197AEE /* Debug */ = {
			isa = XCBuildConfiguration;
			buildSettings = {
				BUNDLE_LOADER = "$(TEST_HOST)";
				CODE_SIGN_STYLE = Automatic;
				INFOPLIST_FILE = RCFeedbackDemoTests/Info.plist;
				LD_RUNPATH_SEARCH_PATHS = "$(inherited) @executable_path/Frameworks @loader_path/Frameworks";
				PRODUCT_BUNDLE_IDENTIFIER = renchao.RCFeedbackDemoTests;
				PRODUCT_NAME = "$(TARGET_NAME)";
				TARGETED_DEVICE_FAMILY = "1,2";
				TEST_HOST = "$(BUILT_PRODUCTS_DIR)/RCFeedbackDemo.app/RCFeedbackDemo";
			};
			name = Debug;
		};
		18B2CD3F205B746000197AEE /* Release */ = {
			isa = XCBuildConfiguration;
			buildSettings = {
				BUNDLE_LOADER = "$(TEST_HOST)";
				CODE_SIGN_STYLE = Automatic;
				INFOPLIST_FILE = RCFeedbackDemoTests/Info.plist;
				LD_RUNPATH_SEARCH_PATHS = "$(inherited) @executable_path/Frameworks @loader_path/Frameworks";
				PRODUCT_BUNDLE_IDENTIFIER = renchao.RCFeedbackDemoTests;
				PRODUCT_NAME = "$(TARGET_NAME)";
				TARGETED_DEVICE_FAMILY = "1,2";
				TEST_HOST = "$(BUILT_PRODUCTS_DIR)/RCFeedbackDemo.app/RCFeedbackDemo";
			};
			name = Release;
		};
		18B2CD41205B746000197AEE /* Debug */ = {
			isa = XCBuildConfiguration;
			buildSettings = {
				CODE_SIGN_STYLE = Automatic;
				INFOPLIST_FILE = RCFeedbackDemoUITests/Info.plist;
				LD_RUNPATH_SEARCH_PATHS = "$(inherited) @executable_path/Frameworks @loader_path/Frameworks";
				PRODUCT_BUNDLE_IDENTIFIER = renchao.RCFeedbackDemoUITests;
				PRODUCT_NAME = "$(TARGET_NAME)";
				TARGETED_DEVICE_FAMILY = "1,2";
				TEST_TARGET_NAME = RCFeedbackDemo;
			};
			name = Debug;
		};
		18B2CD42205B746000197AEE /* Release */ = {
			isa = XCBuildConfiguration;
			buildSettings = {
				CODE_SIGN_STYLE = Automatic;
				INFOPLIST_FILE = RCFeedbackDemoUITests/Info.plist;
				LD_RUNPATH_SEARCH_PATHS = "$(inherited) @executable_path/Frameworks @loader_path/Frameworks";
				PRODUCT_BUNDLE_IDENTIFIER = renchao.RCFeedbackDemoUITests;
				PRODUCT_NAME = "$(TARGET_NAME)";
				TARGETED_DEVICE_FAMILY = "1,2";
				TEST_TARGET_NAME = RCFeedbackDemo;
			};
			name = Release;
		};
/* End XCBuildConfiguration section */

/* Begin XCConfigurationList section */
		18B2CD09205B746000197AEE /* Build configuration list for PBXProject "RCFeedbackDemo" */ = {
			isa = XCConfigurationList;
			buildConfigurations = (
				18B2CD38205B746000197AEE /* Debug */,
				18B2CD39205B746000197AEE /* Release */,
			);
			defaultConfigurationIsVisible = 0;
			defaultConfigurationName = Release;
		};
		18B2CD3A205B746000197AEE /* Build configuration list for PBXNativeTarget "RCFeedbackDemo" */ = {
			isa = XCConfigurationList;
			buildConfigurations = (
				18B2CD3B205B746000197AEE /* Debug */,
				18B2CD3C205B746000197AEE /* Release */,
			);
			defaultConfigurationIsVisible = 0;
			defaultConfigurationName = Release;
		};
		18B2CD3D205B746000197AEE /* Build configuration list for PBXNativeTarget "RCFeedbackDemoTests" */ = {
			isa = XCConfigurationList;
			buildConfigurations = (
				18B2CD3E205B746000197AEE /* Debug */,
				18B2CD3F205B746000197AEE /* Release */,
			);
			defaultConfigurationIsVisible = 0;
			defaultConfigurationName = Release;
		};
		18B2CD40205B746000197AEE /* Build configuration list for PBXNativeTarget "RCFeedbackDemoUITests" */ = {
			isa = XCConfigurationList;
			buildConfigurations = (
				18B2CD41205B746000197AEE /* Debug */,
				18B2CD42205B746000197AEE /* Release */,
			);
			defaultConfigurationIsVisible = 0;
			defaultConfigurationName = Release;
		};
/* End XCConfigurationList section */
	};
	rootObject = 18B2CD06205B746000197AEE /* Project object */;
}
